
Microsoft Visual Studio Solution File, Format Version 12.00
# Visual Studio Version 16
VisualStudioVersion = 16.0.33529.622
MinimumVisualStudioVersion = 10.0.40219.1
Project("{FAE04EC0-301F-11D3-BF4B-00C04F79EFBC}") = "SpacedDirs", "SpacedDirs.csproj", "{C5C6F4EA-7F09-4AC7-AC2A-1246302B9856}"
EndProject
Global
	GlobalSection(SolutionConfigurationPlatforms) = preSolution
		Debug|Any CPU = Debug|Any CPU
		Debug|x64 = Debug|x64
		Release|Any CPU = Release|Any CPU
		Release|x64 = Release|x64
	EndGlobalSection
	GlobalSection(ProjectConfigurationPlatforms) = postSolution
		{C5C6F4EA-7F09-4AC7-AC2A-1246302B9856}.Debug|Any CPU.ActiveCfg = Debug|Any CPU
		{C5C6F4EA-7F09-4AC7-AC2A-1246302B9856}.Debug|Any CPU.Build.0 = Debug|Any CPU
		{C5C6F4EA-7F09-4AC7-AC2A-1246302B9856}.Debug|x64.ActiveCfg = Debug|x64
		{C5C6F4EA-7F09-4AC7-AC2A-1246302B9856}.Debug|x64.Build.0 = Debug|x64
		{C5C6F4EA-7F09-4AC7-AC2A-1246302B9856}.Release|Any CPU.ActiveCfg = Release|Any CPU
		{C5C6F4EA-7F09-4AC7-AC2A-1246302B9856}.Release|Any CPU.Build.0 = Release|Any CPU
		{C5C6F4EA-7F09-4AC7-AC2A-1246302B9856}.Release|x64.ActiveCfg = Release|x64
		{C5C6F4EA-7F09-4AC7-AC2A-1246302B9856}.Release|x64.Build.0 = Release|x64
	EndGlobalSection
	GlobalSection(SolutionProperties) = preSolution
		HideSolutionNode = FALSE
	EndGlobalSection
	GlobalSection(ExtensibilityGlobals) = postSolution
		SolutionGuid = {688299E4-002E-434D-8F18-7184A1149A36}
	EndGlobalSection
EndGlobal
